
Microsoft Visual Studio Solution File, Format Version 11.00
# Visual Studio 2010
Project("{FAE04EC0-301F-11D3-BF4B-00C04F79EFBC}") = "Water Hoops", "Assembly-CSharp.csproj", "{27ED646E-38B7-E01D-BEBF-8CFBA5E31113}"
EndProject
Global
	GlobalSection(SolutionConfigurationPlatforms) = preSolution
		Debug|Any CPU = Debug|Any CPU
		Release|Any CPU = Release|Any CPU
	EndGlobalSection
	GlobalSection(ProjectConfigurationPlatforms) = postSolution
		{27ED646E-38B7-E01D-BEBF-8CFBA5E31113}.Debug|Any CPU.ActiveCfg = Debug|Any CPU
		{27ED646E-38B7-E01D-BEBF-8CFBA5E31113}.Debug|Any CPU.Build.0 = Debug|Any CPU
		{27ED646E-38B7-E01D-BEBF-8CFBA5E31113}.Release|Any CPU.ActiveCfg = Release|Any CPU
		{27ED646E-38B7-E01D-BEBF-8CFBA5E31113}.Release|Any CPU.Build.0 = Release|Any CPU
	EndGlobalSection
	GlobalSection(SolutionProperties) = preSolution
		HideSolutionNode = FALSE
	EndGlobalSection
	GlobalSection(MonoDevelopProperties) = preSolution
		StartupItem = Assembly-CSharp.csproj
	EndGlobalSection
EndGlobal
